// !$*UTF8*$!
{
	archiveVersion = 1;
	classes = {
	};
	objectVersion = 46;
	objects = {

/* Begin PBXBuildFile section */
		6B03C8BD1EA472E80008BD21 /* main.m in Sources */ = {isa = PBXBuildFile; fileRef = 6B03C8BC1EA472E80008BD21 /* main.m */; };
		6B03C8C01EA472E80008BD21 /* AppDelegate.m in Sources */ = {isa = PBXBuildFile; fileRef = 6B03C8BF1EA472E80008BD21 /* AppDelegate.m */; };
		6B03C8C31EA472E80008BD21 /* ViewController.m in Sources */ = {isa = PBXBuildFile; fileRef = 6B03C8C21EA472E80008BD21 /* ViewController.m */; };
		6B03C8C61EA472E80008BD21 /* Main.storyboard in Resources */ = {isa = PBXBuildFile; fileRef = 6B03C8C41EA472E80008BD21 /* Main.storyboard */; };
		6B03C8C81EA472E80008BD21 /* Assets.xcassets in Resources */ = {isa = PBXBuildFile; fileRef = 6B03C8C71EA472E80008BD21 /* Assets.xcassets */; };
		6B03C8CB1EA472E80008BD21 /* LaunchScreen.storyboard in Resources */ = {isa = PBXBuildFile; fileRef = 6B03C8C91EA472E80008BD21 /* LaunchScreen.storyboard */; };
		6B03C8D51EA473160008BD21 /* LDPageView.m in Sources */ = {isa = PBXBuildFile; fileRef = 6B03C8D41EA473160008BD21 /* LDPageView.m */; };
		6B03C8D81EA473370008BD21 /* LDPageTitleStyle.m in Sources */ = {isa = PBXBuildFile; fileRef = 6B03C8D71EA473370008BD21 /* LDPageTitleStyle.m */; };
		6B03C8DB1EA473560008BD21 /* LDPageTitleView.m in Sources */ = {isa = PBXBuildFile; fileRef = 6B03C8DA1EA473560008BD21 /* LDPageTitleView.m */; };
		6B03C8DE1EA4736E0008BD21 /* LDPageContentView.m in Sources */ = {isa = PBXBuildFile; fileRef = 6B03C8DD1EA4736E0008BD21 /* LDPageContentView.m */; };
		6B03C8E21EA4B5740008BD21 /* LDViewController.m in Sources */ = {isa = PBXBuildFile; fileRef = 6B03C8E01EA4B5740008BD21 /* LDViewController.m */; };
		6B03C8E31EA4B5740008BD21 /* LDViewController.xib in Resources */ = {isa = PBXBuildFile; fileRef = 6B03C8E11EA4B5740008BD21 /* LDViewController.xib */; };
/* End PBXBuildFile section */

/* Begin PBXFileReference section */
		6B03C8B81EA472E80008BD21 /* LDPageView.app */ = {isa = PBXFileReference; explicitFileType = wrapper.application; includeInIndex = 0; path = LDPageView.app; sourceTree = BUILT_PRODUCTS_DIR; };
		6B03C8BC1EA472E80008BD21 /* main.m */ = {isa = PBXFileReference; lastKnownFileType = sourcecode.c.objc; path = main.m; sourceTree = "<group>"; };
		6B03C8BE1EA472E80008BD21 /* AppDelegate.h */ = {isa = PBXFileReference; lastKnownFileType = sourcecode.c.h; path = AppDelegate.h; sourceTree = "<group>"; };
		6B03C8BF1EA472E80008BD21 /* AppDelegate.m */ = {isa = PBXFileReference; lastKnownFileType = sourcecode.c.objc; path = AppDelegate.m; sourceTree = "<group>"; };
		6B03C8C11EA472E80008BD21 /* ViewController.h */ = {isa = PBXFileReference; lastKnownFileType = sourcecode.c.h; path = ViewController.h; sourceTree = "<group>"; };
		6B03C8C21EA472E80008BD21 /* ViewController.m */ = {isa = PBXFileReference; lastKnownFileType = sourcecode.c.objc; path = ViewController.m; sourceTree = "<group>"; };
		6B03C8C51EA472E80008BD21 /* Base */ = {isa = PBXFileReference; lastKnownFileType = file.storyboard; name = Base; path = Base.lproj/Main.storyboard; sourceTree = "<group>"; };
		6B03C8C71EA472E80008BD21 /* Assets.xcassets */ = {isa = PBXFileReference; lastKnownFileType = folder.assetcatalog; path = Assets.xcassets; sourceTree = "<group>"; };
		6B03C8CA1EA472E80008BD21 /* Base */ = {isa = PBXFileReference; lastKnownFileType = file.storyboard; name = Base; path = Base.lproj/LaunchScreen.storyboard; sourceTree = "<group>"; };
		6B03C8CC1EA472E80008BD21 /* Info.plist */ = {isa = PBXFileReference; lastKnownFileType = text.plist.xml; path = Info.plist; sourceTree = "<group>"; };
		6B03C8D31EA473160008BD21 /* LDPageView.h */ = {isa = PBXFileReference; fileEncoding = 4; lastKnownFileType = sourcecode.c.h; path = LDPageView.h; sourceTree = "<group>"; };
		6B03C8D41EA473160008BD21 /* LDPageView.m */ = {isa = PBXFileReference; fileEncoding = 4; lastKnownFileType = sourcecode.c.objc; path = LDPageView.m; sourceTree = "<group>"; };
		6B03C8D61EA473370008BD21 /* LDPageTitleStyle.h */ = {isa = PBXFileReference; fileEncoding = 4; lastKnownFileType = sourcecode.c.h; path = LDPageTitleStyle.h; sourceTree = "<group>"; };
		6B03C8D71EA473370008BD21 /* LDPageTitleStyle.m */ = {isa = PBXFileReference; fileEncoding = 4; lastKnownFileType = sourcecode.c.objc; path = LDPageTitleStyle.m; sourceTree = "<group>"; };
		6B03C8D91EA473560008BD21 /* LDPageTitleView.h */ = {isa = PBXFileReference; fileEncoding = 4; lastKnownFileType = sourcecode.c.h; path = LDPageTitleView.h; sourceTree = "<group>"; };
		6B03C8DA1EA473560008BD21 /* LDPageTitleView.m */ = {isa = PBXFileReference; fileEncoding = 4; lastKnownFileType = sourcecode.c.objc; path = LDPageTitleView.m; sourceTree = "<group>"; };
		6B03C8DC1EA4736E0008BD21 /* LDPageContentView.h */ = {isa = PBXFileReference; fileEncoding = 4; lastKnownFileType = sourcecode.c.h; path = LDPageContentView.h; sourceTree = "<group>"; };
		6B03C8DD1EA4736E0008BD21 /* LDPageContentView.m */ = {isa = PBXFileReference; fileEncoding = 4; lastKnownFileType = sourcecode.c.objc; path = LDPageContentView.m; sourceTree = "<group>"; };
		6B03C8DF1EA4B5740008BD21 /* LDViewController.h */ = {isa = PBXFileReference; fileEncoding = 4; lastKnownFileType = sourcecode.c.h; path = LDViewController.h; sourceTree = "<group>"; };
		6B03C8E01EA4B5740008BD21 /* LDViewController.m */ = {isa = PBXFileReference; fileEncoding = 4; lastKnownFileType = sourcecode.c.objc; path = LDViewController.m; sourceTree = "<group>"; };
		6B03C8E11EA4B5740008BD21 /* LDViewController.xib */ = {isa = PBXFileReference; fileEncoding = 4; lastKnownFileType = file.xib; path = LDViewController.xib; sourceTree = "<group>"; };
/* End PBXFileReference section */

/* Begin PBXFrameworksBuildPhase section */
		6B03C8B51EA472E80008BD21 /* Frameworks */ = {
			isa = PBXFrameworksBuildPhase;
			buildActionMask = 2147483647;
			files = (
			);
			runOnlyForDeploymentPostprocessing = 0;
		};
/* End PBXFrameworksBuildPhase section */

/* Begin PBXGroup section */
		6B03C8AF1EA472E80008BD21 = {
			isa = PBXGroup;
			children = (
				6B03C8BA1EA472E80008BD21 /* LDPageView */,
				6B03C8B91EA472E80008BD21 /* Products */,
			);
			sourceTree = "<group>";
		};
		6B03C8B91EA472E80008BD21 /* Products */ = {
			isa = PBXGroup;
			children = (
				6B03C8B81EA472E80008BD21 /* LDPageView.app */,
			);
			name = Products;
			sourceTree = "<group>";
		};
		6B03C8BA1EA472E80008BD21 /* LDPageView */ = {
			isa = PBXGroup;
			children = (
				6B03C8D21EA472FB0008BD21 /* LDPageView */,
				6B03C8BE1EA472E80008BD21 /* AppDelegate.h */,
				6B03C8BF1EA472E80008BD21 /* AppDelegate.m */,
				6B03C8C11EA472E80008BD21 /* ViewController.h */,
				6B03C8C21EA472E80008BD21 /* ViewController.m */,
				6B03C8C41EA472E80008BD21 /* Main.storyboard */,
				6B03C8C71EA472E80008BD21 /* Assets.xcassets */,
				6B03C8C91EA472E80008BD21 /* LaunchScreen.storyboard */,
				6B03C8CC1EA472E80008BD21 /* Info.plist */,
				6B03C8BB1EA472E80008BD21 /* Supporting Files */,
				6B03C8DF1EA4B5740008BD21 /* LDViewController.h */,
				6B03C8E01EA4B5740008BD21 /* LDViewController.m */,
				6B03C8E11EA4B5740008BD21 /* LDViewController.xib */,
			);
			path = LDPageView;
			sourceTree = "<group>";
		};
		6B03C8BB1EA472E80008BD21 /* Supporting Files */ = {
			isa = PBXGroup;
			children = (
				6B03C8BC1EA472E80008BD21 /* main.m */,
			);
			name = "Supporting Files";
			sourceTree = "<group>";
		};
		6B03C8D21EA472FB0008BD21 /* LDPageView */ = {
			isa = PBXGroup;
			children = (
				6B03C8D31EA473160008BD21 /* LDPageView.h */,
				6B03C8D41EA473160008BD21 /* LDPageView.m */,
				6B03C8D61EA473370008BD21 /* LDPageTitleStyle.h */,
				6B03C8D71EA473370008BD21 /* LDPageTitleStyle.m */,
				6B03C8D91EA473560008BD21 /* LDPageTitleView.h */,
				6B03C8DA1EA473560008BD21 /* LDPageTitleView.m */,
				6B03C8DC1EA4736E0008BD21 /* LDPageContentView.h */,
				6B03C8DD1EA4736E0008BD21 /* LDPageContentView.m */,
			);
			path = LDPageView;
			sourceTree = "<group>";
		};
/* End PBXGroup section */

/* Begin PBXNativeTarget section */
		6B03C8B71EA472E80008BD21 /* LDPageView */ = {
			isa = PBXNativeTarget;
			buildConfigurationList = 6B03C8CF1EA472E80008BD21 /* Build configuration list for PBXNativeTarget "LDPageView" */;
			buildPhases = (
				6B03C8B41EA472E80008BD21 /* Sources */,
				6B03C8B51EA472E80008BD21 /* Frameworks */,
				6B03C8B61EA472E80008BD21 /* Resources */,
			);
			buildRules = (
			);
			dependencies = (
			);
			name = LDPageView;
			productName = LDPageView;
			productReference = 6B03C8B81EA472E80008BD21 /* LDPageView.app */;
			productType = "com.apple.product-type.application";
		};
/* End PBXNativeTarget section */

/* Begin PBXProject section */
		6B03C8B01EA472E80008BD21 /* Project object */ = {
			isa = PBXProject;
			attributes = {
				CLASSPREFIX = LD;
				LastUpgradeCheck = 0820;
				ORGANIZATIONNAME = "文刂Rn";
				TargetAttributes = {
					6B03C8B71EA472E80008BD21 = {
						CreatedOnToolsVersion = 8.2.1;
						DevelopmentTeam = 39HA6FNPAS;
						ProvisioningStyle = Automatic;
					};
				};
			};
			buildConfigurationList = 6B03C8B31EA472E80008BD21 /* Build configuration list for PBXProject "LDPageView" */;
			compatibilityVersion = "Xcode 3.2";
			developmentRegion = English;
			hasScannedForEncodings = 0;
			knownRegions = (
				en,
				Base,
			);
			mainGroup = 6B03C8AF1EA472E80008BD21;
			productRefGroup = 6B03C8B91EA472E80008BD21 /* Products */;
			projectDirPath = "";
			projectRoot = "";
			targets = (
				6B03C8B71EA472E80008BD21 /* LDPageView */,
			);
		};
/* End PBXProject section */

/* Begin PBXResourcesBuildPhase section */
		6B03C8B61EA472E80008BD21 /* Resources */ = {
			isa = PBXResourcesBuildPhase;
			buildActionMask = 2147483647;
			files = (
				6B03C8E31EA4B5740008BD21 /* LDViewController.xib in Resources */,
				6B03C8CB1EA472E80008BD21 /* LaunchScreen.storyboard in Resources */,
				6B03C8C81EA472E80008BD21 /* Assets.xcassets in Resources */,
				6B03C8C61EA472E80008BD21 /* Main.storyboard in Resources */,
			);
			runOnlyForDeploymentPostprocessing = 0;
		};
/* End PBXResourcesBuildPhase section */

/* Begin PBXSourcesBuildPhase section */
		6B03C8B41EA472E80008BD21 /* Sources */ = {
			isa = PBXSourcesBuildPhase;
			buildActionMask = 2147483647;
			files = (
				6B03C8DE1EA4736E0008BD21 /* LDPageContentView.m in Sources */,
				6B03C8C31EA472E80008BD21 /* ViewController.m in Sources */,
				6B03C8C01EA472E80008BD21 /* AppDelegate.m in Sources */,
				6B03C8DB1EA473560008BD21 /* LDPageTitleView.m in Sources */,
				6B03C8E21EA4B5740008BD21 /* LDViewController.m in Sources */,
				6B03C8D81EA473370008BD21 /* LDPageTitleStyle.m in Sources */,
				6B03C8BD1EA472E80008BD21 /* main.m in Sources */,
				6B03C8D51EA473160008BD21 /* LDPageView.m in Sources */,
			);
			runOnlyForDeploymentPostprocessing = 0;
		};
/* End PBXSourcesBuildPhase section */

/* Begin PBXVariantGroup section */
		6B03C8C41EA472E80008BD21 /* Main.storyboard */ = {
			isa = PBXVariantGroup;
			children = (
				6B03C8C51EA472E80008BD21 /* Base */,
			);
			name = Main.storyboard;
			sourceTree = "<group>";
		};
		6B03C8C91EA472E80008BD21 /* LaunchScreen.storyboard */ = {
			isa = PBXVariantGroup;
			children = (
				6B03C8CA1EA472E80008BD21 /* Base */,
			);
			name = LaunchScreen.storyboard;
			sourceTree = "<group>";
		};
/* End PBXVariantGroup section */

/* Begin XCBuildConfiguration section */
		6B03C8CD1EA472E80008BD21 /* Debug */ = {
			isa = XCBuildConfiguration;
			buildSettings = {
				ALWAYS_SEARCH_USER_PATHS = NO;
				CLANG_ANALYZER_NONNULL = YES;
				CLANG_CXX_LANGUAGE_STANDARD = "gnu++0x";
				CLANG_CXX_LIBRARY = "libc++";
				CLANG_ENABLE_MODULES = YES;
				CLANG_ENABLE_OBJC_ARC = YES;
				CLANG_WARN_BOOL_CONVERSION = YES;
				CLANG_WARN_CONSTANT_CONVERSION = YES;
				CLANG_WARN_DIRECT_OBJC_ISA_USAGE = YES_ERROR;
				CLANG_WARN_DOCUMENTATION_COMMENTS = YES;
				CLANG_WARN_EMPTY_BODY = YES;
				CLANG_WARN_ENUM_CONVERSION = YES;
				CLANG_WARN_INFINITE_RECURSION = YES;
				CLANG_WARN_INT_CONVERSION = YES;
				CLANG_WARN_OBJC_ROOT_CLASS = YES_ERROR;
				CLANG_WARN_SUSPICIOUS_MOVE = YES;
				CLANG_WARN_UNREACHABLE_CODE = YES;
				CLANG_WARN__DUPLICATE_METHOD_MATCH = YES;
				"CODE_SIGN_IDENTITY[sdk=iphoneos*]" = "iPhone Developer";
				COPY_PHASE_STRIP = NO;
				DEBUG_INFORMATION_FORMAT = dwarf;
				ENABLE_STRICT_OBJC_MSGSEND = YES;
				ENABLE_TESTABILITY = YES;
				GCC_C_LANGUAGE_STANDARD = gnu99;
				GCC_DYNAMIC_NO_PIC = NO;
				GCC_NO_COMMON_BLOCKS = YES;
				GCC_OPTIMIZATION_LEVEL = 0;
				GCC_PREPROCESSOR_DEFINITIONS = (
					"DEBUG=1",
					"$(inherited)",
				);
				GCC_WARN_64_TO_32_BIT_CONVERSION = YES;
				GCC_WARN_ABOUT_RETURN_TYPE = YES_ERROR;
				GCC_WARN_UNDECLARED_SELECTOR = YES;
				GCC_WARN_UNINITIALIZED_AUTOS = YES_AGGRESSIVE;
				GCC_WARN_UNUSED_FUNCTION = YES;
				GCC_WARN_UNUSED_VARIABLE = YES;
				IPHONEOS_DEPLOYMENT_TARGET = 10.2;
				MTL_ENABLE_DEBUG_INFO = YES;
				ONLY_ACTIVE_ARCH = YES;
				SDKROOT = iphoneos;
			};
			name = Debug;
		};
		6B03C8CE1EA472E80008BD21 /* Release */ = {
			isa = XCBuildConfiguration;
			buildSettings = {
				ALWAYS_SEARCH_USER_PATHS = NO;
				CLANG_ANALYZER_NONNULL = YES;
				CLANG_CXX_LANGUAGE_STANDARD = "gnu++0x";
				CLANG_CXX_LIBRARY = "libc++";
				CLANG_ENABLE_MODULES = YES;
				CLANG_ENABLE_OBJC_ARC = YES;
				CLANG_WARN_BOOL_CONVERSION = YES;
				CLANG_WARN_CONSTANT_CONVERSION = YES;
				CLANG_WARN_DIRECT_OBJC_ISA_USAGE = YES_ERROR;
				CLANG_WARN_DOCUMENTATION_COMMENTS = YES;
				CLANG_WARN_EMPTY_BODY = YES;
				CLANG_WARN_ENUM_CONVERSION = YES;
				CLANG_WARN_INFINITE_RECURSION = YES;
				CLANG_WARN_INT_CONVERSION = YES;
				CLANG_WARN_OBJC_ROOT_CLASS = YES_ERROR;
				CLANG_WARN_SUSPICIOUS_MOVE = YES;
				CLANG_WARN_UNREACHABLE_CODE = YES;
				CLANG_WARN__DUPLICATE_METHOD_MATCH = YES;
				"CODE_SIGN_IDENTITY[sdk=iphoneos*]" = "iPhone Developer";
				COPY_PHASE_STRIP = NO;
				DEBUG_INFORMATION_FORMAT = "dwarf-with-dsym";
				ENABLE_NS_ASSERTIONS = NO;
				ENABLE_STRICT_OBJC_MSGSEND = YES;
				GCC_C_LANGUAGE_STANDARD = gnu99;
				GCC_NO_COMMON_BLOCKS = YES;
				GCC_WARN_64_TO_32_BIT_CONVERSION = YES;
				GCC_WARN_ABOUT_RETURN_TYPE = YES_ERROR;
				GCC_WARN_UNDECLARED_SELECTOR = YES;
				GCC_WARN_UNINITIALIZED_AUTOS = YES_AGGRESSIVE;
				GCC_WARN_UNUSED_FUNCTION = YES;
				GCC_WARN_UNUSED_VARIABLE = YES;
				IPHONEOS_DEPLOYMENT_TARGET = 10.2;
				MTL_ENABLE_DEBUG_INFO = NO;
				SDKROOT = iphoneos;
				VALIDATE_PRODUCT = YES;
			};
			name = Release;
		};
		6B03C8D01EA472E80008BD21 /* Debug */ = {
			isa = XCBuildConfiguration;
			buildSettings = {
				ASSETCATALOG_COMPILER_APPICON_NAME = AppIcon;
				DEVELOPMENT_TEAM = 39HA6FNPAS;
				INFOPLIST_FILE = LDPageView/Info.plist;
				LD_RUNPATH_SEARCH_PATHS = "$(inherited) @executable_path/Frameworks";
				PRODUCT_BUNDLE_IDENTIFIER = cn.com.xfsrn.www;
				PRODUCT_NAME = "$(TARGET_NAME)";
			};
			name = Debug;
		};
		6B03C8D11EA472E80008BD21 /* Release */ = {
			isa = XCBuildConfiguration;
			buildSettings = {
				ASSETCATALOG_COMPILER_APPICON_NAME = AppIcon;
				DEVELOPMENT_TEAM = 39HA6FNPAS;
				INFOPLIST_FILE = LDPageView/Info.plist;
				LD_RUNPATH_SEARCH_PATHS = "$(inherited) @executable_path/Frameworks";
				PRODUCT_BUNDLE_IDENTIFIER = cn.com.xfsrn.www;
				PRODUCT_NAME = "$(TARGET_NAME)";
			};
			name = Release;
		};
/* End XCBuildConfiguration section */

/* Begin XCConfigurationList section */
		6B03C8B31EA472E80008BD21 /* Build configuration list for PBXProject "LDPageView" */ = {
			isa = XCConfigurationList;
			buildConfigurations = (
				6B03C8CD1EA472E80008BD21 /* Debug */,
				6B03C8CE1EA472E80008BD21 /* Release */,
			);
			defaultConfigurationIsVisible = 0;
			defaultConfigurationName = Release;
		};
		6B03C8CF1EA472E80008BD21 /* Build configuration list for PBXNativeTarget "LDPageView" */ = {
			isa = XCConfigurationList;
			buildConfigurations = (
				6B03C8D01EA472E80008BD21 /* Debug */,
				6B03C8D11EA472E80008BD21 /* Release */,
			);
			defaultConfigurationIsVisible = 0;
		};
/* End XCConfigurationList section */
	};
	rootObject = 6B03C8B01EA472E80008BD21 /* Project object */;
}
